{
  "lockfileVersion": 1,
  "configVersion": 1,
  "workspaces": {
    "": {
      "name": "azure-foundry-provider",
      "dependencies": {
        "@ai-sdk/openai": "3.0.62",
        "@ai-sdk/openai-compatible": "2.0.45",
        "@ai-sdk/provider": "3.0.10",
        "@ai-sdk/provider-utils": "4.0.26",
        "@azure/identity": "4.13.1",
        "ai": "6.0.174",
      },
      "devDependencies": {
        "@eslint/js": "^10.0.1",
        "@types/bun": "1.3.13",
        "eslint": "^10.3.0",
        "eslint-config-prettier": "^10.1.8",
        "eslint-plugin-license-header": "^0.9.0",
        "globals": "^17.6.0",
        "prettier": "^3.8.3",
        "prettier-plugin-multiline-arrays": "^4.1.7",
        "typescript": "5.9.3",
        "typescript-eslint": "^8.59.1",
      },
    },
  },
  "packages": {
    "@ai-sdk/gateway": ["@ai-sdk/gateway@3.0.109", "", { "dependencies": { "@ai-sdk/provider": "3.0.10", "@ai-sdk/provider-utils": "4.0.26", "@vercel/oidc": "3.2.0" }, "peerDependencies": { "zod": "^3.25.76 || ^4.1.8" } }, "sha512-r6dOqThjODp1vOhGRJg2OCmyB/ZOQtGx1esZ2SDvwDX5XoX8dBqYaYjLg8MPXTzMGJSgOkJyCxWgUcZtAl16pw=="],

    "@ai-sdk/openai": ["@ai-sdk/openai@3.0.62", "", { "dependencies": { "@ai-sdk/provider": "3.0.10", "@ai-sdk/provider-utils": "4.0.26" }, "peerDependencies": { "zod": "^3.25.76 || ^4.1.8" } }, "sha512-Oy74Bztik2X25wZD9HRd83BAXOKcRvrfgz9gvVGqKj68yegf447NiElPbB6TSVb8zyiY9wv1GSGywMCxnnoF9g=="],

    "@ai-sdk/openai-compatible": ["@ai-sdk/openai-compatible@2.0.45", "", { "dependencies": { "@ai-sdk/provider": "3.0.10", "@ai-sdk/provider-utils": "4.0.26" }, "peerDependencies": { "zod": "^3.25.76 || ^4.1.8" } }, "sha512-5YBvurNL7Oj7mT3srws4Rh4cQidoorfEGObAOb5jV40eld8IC7EkXWARZjnWYqgYzabUs6Sn6muiXfQVkgOyOQ=="],

    "@ai-sdk/provider": ["@ai-sdk/provider@3.0.10", "", { "dependencies": { "json-schema": "^0.4.0" } }, "sha512-Q3BZ27qfpYqnCYGvE3vt+Qi6LGOF9R5Nmzn+9JoM1lCRsD9mYaIhfJLkSunN48nfGXJ6n+XNV0J/XVpqGQl7Dw=="],

    "@ai-sdk/provider-utils": ["@ai-sdk/provider-utils@4.0.26", "", { "dependencies": { "@ai-sdk/provider": "3.0.10", "@standard-schema/spec": "^1.1.0", "eventsource-parser": "^3.0.8" }, "peerDependencies": { "zod": "^3.25.76 || ^4.1.8" } }, "sha512-CsKNLKsOpvPujRlIYvoz+Ybw+kGn7J4/fIZa/58+R7iWLLfwn6ifE2G6Yq8K9XvH/I/3bzaDAJ3NhRwEMsLBKQ=="],

    "@augment-vir/assert": ["@augment-vir/assert@31.68.4", "", { "dependencies": { "@augment-vir/core": "^31.68.4", "@date-vir/duration": "^8.2.1", "deep-eql": "^5.0.2", "expect-type": "^1.3.0", "type-fest": "^5.5.0" } }, "sha512-TMmsuWXewtP49ZQbrYK87vMFOMzm/+xqgZ7p0Cg69EYRNvpoRoknWSzv16VInvzrErI8BMCyRFBZ1eFyfvJZLg=="],

    "@augment-vir/common": ["@augment-vir/common@31.68.4", "", { "dependencies": { "@augment-vir/assert": "^31.68.4", "@augment-vir/core": "^31.68.4", "@date-vir/duration": "^8.2.1", "ansi-styles": "^6.2.3", "deepcopy-esm": "^2.1.1", "json5": "^2.2.3", "type-fest": "^5.5.0", "typed-event-target": "^4.3.0" } }, "sha512-bjp7HurCZV7pvwD0mzFkhNWfklrusUxjk3BtzLfjEEBLfZRffilIP6IDMvTp2wwILxvhPjaL/vjgDz6GYSvSlQ=="],

    "@augment-vir/core": ["@augment-vir/core@31.68.4", "", { "dependencies": { "@date-vir/duration": "^8.2.1", "browser-or-node": "^3.0.0", "diff": "^8.0.4", "json5": "^2.2.3", "type-fest": "^5.5.0" } }, "sha512-j1dLnvmfw1hCyFgscArMumCgLqbMH6VSPdM7+sVpBpHX13CrYDgBQvKbCorsSA16xjK3RjPxO7UfeSYb7rAWeA=="],

    "@azure/abort-controller": ["@azure/abort-controller@2.1.2", "", { "dependencies": { "tslib": "^2.6.2" } }, "sha512-nBrLsEWm4J2u5LpAPjxADTlq3trDgVZZXHNKabeXZtpq3d3AbN/KGO82R87rdDz5/lYB024rtEf10/q0urNgsA=="],

    "@azure/core-auth": ["@azure/core-auth@1.10.1", "", { "dependencies": { "@azure/abort-controller": "^2.1.2", "@azure/core-util": "^1.13.0", "tslib": "^2.6.2" } }, "sha512-ykRMW8PjVAn+RS6ww5cmK9U2CyH9p4Q88YJwvUslfuMmN98w/2rdGRLPqJYObapBCdzBVeDgYWdJnFPFb7qzpg=="],

    "@azure/core-client": ["@azure/core-client@1.10.1", "", { "dependencies": { "@azure/abort-controller": "^2.1.2", "@azure/core-auth": "^1.10.0", "@azure/core-rest-pipeline": "^1.22.0", "@azure/core-tracing": "^1.3.0", "@azure/core-util": "^1.13.0", "@azure/logger": "^1.3.0", "tslib": "^2.6.2" } }, "sha512-Nh5PhEOeY6PrnxNPsEHRr9eimxLwgLlpmguQaHKBinFYA/RU9+kOYVOQqOrTsCL+KSxrLLl1gD8Dk5BFW/7l/w=="],

    "@azure/core-rest-pipeline": ["@azure/core-rest-pipeline@1.23.0", "", { "dependencies": { "@azure/abort-controller": "^2.1.2", "@azure/core-auth": "^1.10.0", "@azure/core-tracing": "^1.3.0", "@azure/core-util": "^1.13.0", "@azure/logger": "^1.3.0", "@typespec/ts-http-runtime": "^0.3.4", "tslib": "^2.6.2" } }, "sha512-Evs1INHo+jUjwHi1T6SG6Ua/LHOQBCLuKEEE6efIpt4ZOoNonaT1kP32GoOcdNDbfqsD2445CPri3MubBy5DEQ=="],

    "@azure/core-tracing": ["@azure/core-tracing@1.3.1", "", { "dependencies": { "tslib": "^2.6.2" } }, "sha512-9MWKevR7Hz8kNzzPLfX4EAtGM2b8mr50HPDBvio96bURP/9C+HjdH3sBlLSNNrvRAr5/k/svoH457gB5IKpmwQ=="],

    "@azure/core-util": ["@azure/core-util@1.13.1", "", { "dependencies": { "@azure/abort-controller": "^2.1.2", "@typespec/ts-http-runtime": "^0.3.0", "tslib": "^2.6.2" } }, "sha512-XPArKLzsvl0Hf0CaGyKHUyVgF7oDnhKoP85Xv6M4StF/1AhfORhZudHtOyf2s+FcbuQ9dPRAjB8J2KvRRMUK2A=="],

    "@azure/identity": ["@azure/identity@4.13.1", "", { "dependencies": { "@azure/abort-controller": "^2.0.0", "@azure/core-auth": "^1.9.0", "@azure/core-client": "^1.9.2", "@azure/core-rest-pipeline": "^1.17.0", "@azure/core-tracing": "^1.0.0", "@azure/core-util": "^1.11.0", "@azure/logger": "^1.0.0", "@azure/msal-browser": "^5.5.0", "@azure/msal-node": "^5.1.0", "open": "^10.1.0", "tslib": "^2.2.0" } }, "sha512-5C/2WD5Vb1lHnZS16dNQRPMjN6oV/Upba+C9nBIs15PmOi6A3ZGs4Lr2u60zw4S04gi+u3cEXiqTVP7M4Pz3kw=="],

    "@azure/logger": ["@azure/logger@1.3.0", "", { "dependencies": { "@typespec/ts-http-runtime": "^0.3.0", "tslib": "^2.6.2" } }, "sha512-fCqPIfOcLE+CGqGPd66c8bZpwAji98tZ4JI9i/mlTNTlsIWslCfpg48s/ypyLxZTump5sypjrKn2/kY7q8oAbA=="],

    "@azure/msal-browser": ["@azure/msal-browser@5.9.0", "", { "dependencies": { "@azure/msal-common": "16.5.2" } }, "sha512-CzE+4PefDSJWj26zU7G1bKchlGRRHMBFreG4tAlGuzyI8hAPiYGobaJvZBgZBf6L63iphX7VH+ityL8VgEQz9Q=="],

    "@azure/msal-common": ["@azure/msal-common@16.5.2", "", {}, "sha512-GkDEL6TYo3HgT3UuqakdgE9PZfc1hMki6+Hwgy1uddb/EauvAKfu85vVhuofRSo22D1xTnWt8Ucwfg4vSCVwvA=="],

    "@azure/msal-node": ["@azure/msal-node@5.1.5", "", { "dependencies": { "@azure/msal-common": "16.5.2", "jsonwebtoken": "^9.0.0" } }, "sha512-ObTeMoNPmq19X3z40et9Xvs4ZoWVeJg43PZMRLG5iwVL+2nCtAerG3YTDItqPp1CfXNwmCXBbg8jn1DOx65c3g=="],

    "@date-vir/duration": ["@date-vir/duration@8.2.1", "", { "dependencies": { "@augment-vir/assert": "^31.68.1", "@types/luxon": "^3.7.1", "luxon": "^3.7.2", "type-fest": "^5.4.4" } }, "sha512-hvwpCSbOCfCEFtKJBSlaXvJxQZN8kaTBHvY0Cvx8xvVnQFr3UgMzkglHk44oETQQLyoOY0slygXtR2or+9+AqQ=="],

    "@eslint-community/eslint-utils": ["@eslint-community/eslint-utils@4.9.1", "", { "dependencies": { "eslint-visitor-keys": "^3.4.3" }, "peerDependencies": { "eslint": "^6.0.0 || ^7.0.0 || >=8.0.0" } }, "sha512-phrYmNiYppR7znFEdqgfWHXR6NCkZEK7hwWDHZUjit/2/U0r6XvkDl0SYnoM51Hq7FhCGdLDT6zxCCOY1hexsQ=="],

    "@eslint-community/regexpp": ["@eslint-community/regexpp@4.12.2", "", {}, "sha512-EriSTlt5OC9/7SXkRSCAhfSxxoSUgBm33OH+IkwbdpgoqsSsUg7y3uh+IICI/Qg4BBWr3U2i39RpmycbxMq4ew=="],

    "@eslint/config-array": ["@eslint/config-array@0.23.5", "", { "dependencies": { "@eslint/object-schema": "^3.0.5", "debug": "^4.3.1", "minimatch": "^10.2.4" } }, "sha512-Y3kKLvC1dvTOT+oGlqNQ1XLqK6D1HU2YXPc52NmAlJZbMMWDzGYXMiPRJ8TYD39muD/OTjlZmNJ4ib7dvSrMBA=="],

    "@eslint/config-helpers": ["@eslint/config-helpers@0.5.5", "", { "dependencies": { "@eslint/core": "^1.2.1" } }, "sha512-eIJYKTCECbP/nsKaaruF6LW967mtbQbsw4JTtSVkUQc9MneSkbrgPJAbKl9nWr0ZeowV8BfsarBmPpBzGelA2w=="],

    "@eslint/core": ["@eslint/core@1.2.1", "", { "dependencies": { "@types/json-schema": "^7.0.15" } }, "sha512-MwcE1P+AZ4C6DWlpin/OmOA54mmIZ/+xZuJiQd4SyB29oAJjN30UW9wkKNptW2ctp4cEsvhlLY/CsQ1uoHDloQ=="],

    "@eslint/js": ["@eslint/js@10.0.1", "", { "peerDependencies": { "eslint": "^10.0.0" }, "optionalPeers": ["eslint"] }, "sha512-zeR9k5pd4gxjZ0abRoIaxdc7I3nDktoXZk2qOv9gCNWx3mVwEn32VRhyLaRsDiJjTs0xq/T8mfPtyuXu7GWBcA=="],

    "@eslint/object-schema": ["@eslint/object-schema@3.0.5", "", {}, "sha512-vqTaUEgxzm+YDSdElad6PiRoX4t8VGDjCtt05zn4nU810UIx/uNEV7/lZJ6KwFThKZOzOxzXy48da+No7HZaMw=="],

    "@eslint/plugin-kit": ["@eslint/plugin-kit@0.7.1", "", { "dependencies": { "@eslint/core": "^1.2.1", "levn": "^0.4.1" } }, "sha512-rZAP3aVgB9ds9KOeUSL+zZ21hPmo8dh6fnIFwRQj5EAZl9gzR7wxYbYXYysAM8CTqGmUGyp2S4kUdV17MnGuWQ=="],

    "@humanfs/core": ["@humanfs/core@0.19.1", "", {}, "sha512-5DyQ4+1JEUzejeK1JGICcideyfUbGixgS9jNgex5nqkW+cY7WZhxBigmieN5Qnw9ZosSNVC9KQKyb+GUaGyKUA=="],

    "@humanfs/node": ["@humanfs/node@0.16.7", "", { "dependencies": { "@humanfs/core": "^0.19.1", "@humanwhocodes/retry": "^0.4.0" } }, "sha512-/zUx+yOsIrG4Y43Eh2peDeKCxlRt/gET6aHfaKpuq267qXdYDFViVHfMaLyygZOnl0kGWxFIgsBy8QFuTLUXEQ=="],

    "@humanwhocodes/module-importer": ["@humanwhocodes/module-importer@1.0.1", "", {}, "sha512-bxveV4V8v5Yb4ncFTT3rPSgZBOpCkjfK0y4oVVVJwIuDVBRMDXrPyXRL988i5ap9m9bnyEEjWfm5WkBmtffLfA=="],

    "@humanwhocodes/retry": ["@humanwhocodes/retry@0.4.3", "", {}, "sha512-bV0Tgo9K4hfPCek+aMAn81RppFKv2ySDQeMoSZuvTASywNTnVJCArCZE2FWqpvIatKu7VMRLWlR1EazvVhDyhQ=="],

    "@opentelemetry/api": ["@opentelemetry/api@1.9.0", "", {}, "sha512-3giAOQvZiH5F9bMlMiv8+GSPMeqg0dbaeo58/0SlA9sxSqZhnUtxzX9/2FzyhS9sWQf5S0GJE0AKBrFqjpeYcg=="],

    "@standard-schema/spec": ["@standard-schema/spec@1.1.0", "", {}, "sha512-l2aFy5jALhniG5HgqrD6jXLi/rUWrKvqN/qJx6yoJsgKhblVd+iqqU4RCXavm/jPityDo5TCvKMnpjKnOriy0w=="],

    "@types/bun": ["@types/bun@1.3.13", "", { "dependencies": { "bun-types": "1.3.13" } }, "sha512-9fqXWk5YIHGGnUau9TEi+qdlTYDAnOj+xLCmSTwXfAIqXr2x4tytJb43E9uCvt09zJURKXwAtkoH4nLQfzeTXw=="],

    "@types/esrecurse": ["@types/esrecurse@4.3.1", "", {}, "sha512-xJBAbDifo5hpffDBuHl0Y8ywswbiAp/Wi7Y/GtAgSlZyIABppyurxVueOPE8LUQOxdlgi6Zqce7uoEpqNTeiUw=="],

    "@types/estree": ["@types/estree@1.0.8", "", {}, "sha512-dWHzHa2WqEXI/O1E9OjrocMTKJl2mSrEolh1Iomrv6U+JuNwaHXsXx9bLu5gG7BUWFIN0skIQJQ/L1rIex4X6w=="],

    "@types/json-schema": ["@types/json-schema@7.0.15", "", {}, "sha512-5+fP8P8MFNC+AyZCDxrB2pkZFPGzqQWUzpSeuuVLvm8VMcorNYavBqoFcxK8bQz4Qsbn4oUEEem4wDLfcysGHA=="],

    "@types/luxon": ["@types/luxon@3.7.1", "", {}, "sha512-H3iskjFIAn5SlJU7OuxUmTEpebK6TKB8rxZShDslBMZJ5u9S//KM1sbdAisiSrqwLQncVjnpi2OK2J51h+4lsg=="],

    "@types/node": ["@types/node@25.5.2", "", { "dependencies": { "undici-types": "~7.18.0" } }, "sha512-tO4ZIRKNC+MDWV4qKVZe3Ql/woTnmHDr5JD8UI5hn2pwBrHEwOEMZK7WlNb5RKB6EoJ02gwmQS9OrjuFnZYdpg=="],

    "@typescript-eslint/eslint-plugin": ["@typescript-eslint/eslint-plugin@8.59.1", "", { "dependencies": { "@eslint-community/regexpp": "^4.12.2", "@typescript-eslint/scope-manager": "8.59.1", "@typescript-eslint/type-utils": "8.59.1", "@typescript-eslint/utils": "8.59.1", "@typescript-eslint/visitor-keys": "8.59.1", "ignore": "^7.0.5", "natural-compare": "^1.4.0", "ts-api-utils": "^2.5.0" }, "peerDependencies": { "@typescript-eslint/parser": "^8.59.1", "eslint": "^8.57.0 || ^9.0.0 || ^10.0.0", "typescript": ">=4.8.4 <6.1.0" } }, "sha512-BOziFIfE+6osHO9FoJG4zjoHUcvI7fTNBSpdAwrNH0/TLvzjsk2oo8XSSOT2HhqUyhZPfHv4UOffoJ9oEEQ7Ag=="],

    "@typescript-eslint/parser": ["@typescript-eslint/parser@8.59.1", "", { "dependencies": { "@typescript-eslint/scope-manager": "8.59.1", "@typescript-eslint/types": "8.59.1", "@typescript-eslint/typescript-estree": "8.59.1", "@typescript-eslint/visitor-keys": "8.59.1", "debug": "^4.4.3" }, "peerDependencies": { "eslint": "^8.57.0 || ^9.0.0 || ^10.0.0", "typescript": ">=4.8.4 <6.1.0" } }, "sha512-HDQH9O/47Dxi1ceDhBXdaldtf/WV9yRYMjbjCuNk3qnaTD564qwv61Y7+gTxwxRKzSrgO5uhtw584igXVuuZkA=="],

    "@typescript-eslint/project-service": ["@typescript-eslint/project-service@8.59.1", "", { "dependencies": { "@typescript-eslint/tsconfig-utils": "^8.59.1", "@typescript-eslint/types": "^8.59.1", "debug": "^4.4.3" }, "peerDependencies": { "typescript": ">=4.8.4 <6.1.0" } }, "sha512-+MuHQlHiEr00Of/IQbE/MmEoi44znZHbR/Pz7Opq4HryUOlRi+/44dro9Ycy8Fyo+/024IWtw8m4JUMCGTYxDg=="],

    "@typescript-eslint/scope-manager": ["@typescript-eslint/scope-manager@8.59.1", "", { "dependencies": { "@typescript-eslint/types": "8.59.1", "@typescript-eslint/visitor-keys": "8.59.1" } }, "sha512-LwuHQI4pDOYVKvmH2dkaJo6YZCSgouVgnS/z7yBPKBMvgtBvyLqiLy9Z6b7+m/TRcX1NFYUqZetI5Y+aT4GEfg=="],

    "@typescript-eslint/tsconfig-utils": ["@typescript-eslint/tsconfig-utils@8.59.1", "", { "peerDependencies": { "typescript": ">=4.8.4 <6.1.0" } }, "sha512-/0nEyPbX7gRsk0Uwfe4ALwwgxuA66d/l2mhRDNlAvaj4U3juhUtJNq0DsY8M2AYwwb9rEq2hrC3IcIcEt++iJA=="],

    "@typescript-eslint/type-utils": ["@typescript-eslint/type-utils@8.59.1", "", { "dependencies": { "@typescript-eslint/types": "8.59.1", "@typescript-eslint/typescript-estree": "8.59.1", "@typescript-eslint/utils": "8.59.1", "debug": "^4.4.3", "ts-api-utils": "^2.5.0" }, "peerDependencies": { "eslint": "^8.57.0 || ^9.0.0 || ^10.0.0", "typescript": ">=4.8.4 <6.1.0" } }, "sha512-klWPBR2ciQHS3f++ug/mVnWKPjBUo7icEL3FAO1lhAR1Z1i5NQYZ1EannMSRYcq5qCv5wNALlXr6fksRHyYl7w=="],

    "@typescript-eslint/types": ["@typescript-eslint/types@8.59.1", "", {}, "sha512-ZDCjgccSdYPw5Bxh+my4Z0lJU96ZDN7jbBzvmEn0FZx3RtU1C7VWl6NbDx94bwY3V5YsgwRzJPOgeY2Q/nLG8A=="],

    "@typescript-eslint/typescript-estree": ["@typescript-eslint/typescript-estree@8.59.1", "", { "dependencies": { "@typescript-eslint/project-service": "8.59.1", "@typescript-eslint/tsconfig-utils": "8.59.1", "@typescript-eslint/types": "8.59.1", "@typescript-eslint/visitor-keys": "8.59.1", "debug": "^4.4.3", "minimatch": "^10.2.2", "semver": "^7.7.3", "tinyglobby": "^0.2.15", "ts-api-utils": "^2.5.0" }, "peerDependencies": { "typescript": ">=4.8.4 <6.1.0" } }, "sha512-OUd+vJS05sSkOip+BkZ/2NS8RMxrAAJemsC6vU3kmfLyeaJT0TftHkV9mcx2107MmsBVXXexhVu4F0TZXyMl4g=="],

    "@typescript-eslint/utils": ["@typescript-eslint/utils@8.59.1", "", { "dependencies": { "@eslint-community/eslint-utils": "^4.9.1", "@typescript-eslint/scope-manager": "8.59.1", "@typescript-eslint/types": "8.59.1", "@typescript-eslint/typescript-estree": "8.59.1" }, "peerDependencies": { "eslint": "^8.57.0 || ^9.0.0 || ^10.0.0", "typescript": ">=4.8.4 <6.1.0" } }, "sha512-3pIeoXhCeYH9FSCBI8P3iNwJlGuzPlYKkTlen2O9T1DSeeg8UG8jstq6BLk+Mda0qup7mgk4z4XL4OzRaxZ8LA=="],

    "@typescript-eslint/visitor-keys": ["@typescript-eslint/visitor-keys@8.59.1", "", { "dependencies": { "@typescript-eslint/types": "8.59.1", "eslint-visitor-keys": "^5.0.0" } }, "sha512-LdDNl6C5iJExcM0Yh0PwAIBb9PrSiCsWamF/JyEZawm3kFDnRoaq3LGE4bpyRao/fWeGKKyw7icx0YxrLFC5Cg=="],

    "@typespec/ts-http-runtime": ["@typespec/ts-http-runtime@0.3.5", "", { "dependencies": { "http-proxy-agent": "^7.0.0", "https-proxy-agent": "^7.0.0", "tslib": "^2.6.2" } }, "sha512-yURCknZhvywvQItHMMmFSo+fq5arCUIyz/CVk7jD89MSai7dkaX8ufjCWp3NttLojoTVbcE72ri+be/TnEbMHw=="],

    "@vercel/oidc": ["@vercel/oidc@3.2.0", "", {}, "sha512-UycprH3T6n3jH0k44NHMa7pnFHGu/N05MjojYr+Mc6I7obkoLIJujSWwin1pCvdy/eOxrI/l3uDLQsmcrOb4ug=="],

    "acorn": ["acorn@8.16.0", "", { "bin": { "acorn": "bin/acorn" } }, "sha512-UVJyE9MttOsBQIDKw1skb9nAwQuR5wuGD3+82K6JgJlm/Y+KI92oNsMNGZCYdDsVtRHSak0pcV5Dno5+4jh9sw=="],

    "acorn-jsx": ["acorn-jsx@5.3.2", "", { "peerDependencies": { "acorn": "^6.0.0 || ^7.0.0 || ^8.0.0" } }, "sha512-rq9s+JNhf0IChjtDXxllJ7g41oZk5SlXtp0LHwyA5cejwn7vKmKp4pPri6YEePv2PU65sAsegbXtIinmDFDXgQ=="],

    "agent-base": ["agent-base@7.1.4", "", {}, "sha512-MnA+YT8fwfJPgBx3m60MNqakm30XOkyIoH1y6huTQvC0PwZG7ki8NacLBcrPbNoo8vEZy7Jpuk7+jMO+CUovTQ=="],

    "ai": ["ai@6.0.174", "", { "dependencies": { "@ai-sdk/gateway": "3.0.109", "@ai-sdk/provider": "3.0.10", "@ai-sdk/provider-utils": "4.0.26", "@opentelemetry/api": "1.9.0" }, "peerDependencies": { "zod": "^3.25.76 || ^4.1.8" } }, "sha512-bTrfLUWHWtkjzWyCY4bmyuk4Qvmj4S4NSNsXyNSVVqkmftQNtxRj7dzUoMeQDBBwlJO6fC7m2Q/lNOPqQQfAGA=="],

    "ajv": ["ajv@6.14.0", "", { "dependencies": { "fast-deep-equal": "^3.1.1", "fast-json-stable-stringify": "^2.0.0", "json-schema-traverse": "^0.4.1", "uri-js": "^4.2.2" } }, "sha512-IWrosm/yrn43eiKqkfkHis7QioDleaXQHdDVPKg0FSwwd/DuvyX79TZnFOnYpB7dcsFAMmtFztZuXPDvSePkFw=="],

    "ansi-styles": ["ansi-styles@6.2.3", "", {}, "sha512-4Dj6M28JB+oAH8kFkTLUo+a2jwOFkuqb3yucU0CANcRRUbxS0cP0nZYCGjcc3BNXwRIsUVmDGgzawme7zvJHvg=="],

    "balanced-match": ["balanced-match@4.0.4", "", {}, "sha512-BLrgEcRTwX2o6gGxGOCNyMvGSp35YofuYzw9h1IMTRmKqttAZZVU67bdb9Pr2vUHA8+j3i2tJfjO6C6+4myGTA=="],

    "brace-expansion": ["brace-expansion@5.0.5", "", { "dependencies": { "balanced-match": "^4.0.2" } }, "sha512-VZznLgtwhn+Mact9tfiwx64fA9erHH/MCXEUfB/0bX/6Fz6ny5EGTXYltMocqg4xFAQZtnO3DHWWXi8RiuN7cQ=="],

    "browser-or-node": ["browser-or-node@3.0.0", "", {}, "sha512-iczIdVJzGEYhP5DqQxYM9Hh7Ztpqqi+CXZpSmX8ALFs9ecXkQIeqRyM6TfxEfMVpwhl3dSuDvxdzzo9sUOIVBQ=="],

    "buffer-equal-constant-time": ["buffer-equal-constant-time@1.0.1", "", {}, "sha512-zRpUiDwd/xk6ADqPMATG8vc9VPrkck7T07OIx0gnjmJAnHnTVXNQG3vfvWNuiZIkwu9KrKdA1iJKfsfTVxE6NA=="],

    "bun-types": ["bun-types@1.3.13", "", { "dependencies": { "@types/node": "*" } }, "sha512-QXKeHLlOLqQX9LgYaHJfzdBaV21T63HhFJnvuRCcjZiaUDpbs5ED1MgxbMra71CsryN/1dAoXuJJJwIv/2drVA=="],

    "bundle-name": ["bundle-name@4.1.0", "", { "dependencies": { "run-applescript": "^7.0.0" } }, "sha512-tjwM5exMg6BGRI+kNmTntNsvdZS1X8BFYS6tnJ2hdH0kVxM6/eVZ2xy+FqStSWvYmtfFMDLIxurorHwDKfDz5Q=="],

    "cross-spawn": ["cross-spawn@7.0.6", "", { "dependencies": { "path-key": "^3.1.0", "shebang-command": "^2.0.0", "which": "^2.0.1" } }, "sha512-uV2QOWP2nWzsy2aMp8aRibhi9dlzF5Hgh5SHaB9OiTGEyDTiJJyx0uy51QXdyWbtAHNua4XJzUKca3OzKUd3vA=="],

    "debug": ["debug@4.4.3", "", { "dependencies": { "ms": "^2.1.3" } }, "sha512-RGwwWnwQvkVfavKVt22FGLw+xYSdzARwm0ru6DhTVA3umU5hZc28V3kO4stgYryrTlLpuvgI9GiijltAjNbcqA=="],

    "deep-eql": ["deep-eql@5.0.2", "", {}, "sha512-h5k/5U50IJJFpzfL6nO9jaaumfjO/f2NjK/oYB2Djzm4p9L+3T9qWpZqZ2hAbLPuuYq9wrU08WQyBTL5GbPk5Q=="],

    "deep-is": ["deep-is@0.1.4", "", {}, "sha512-oIPzksmTg4/MriiaYGO+okXDT7ztn/w3Eptv/+gSIdMdKsJo0u4CfYNFJPy+4SKMuCqGw2wxnA+URMg3t8a/bQ=="],

    "deepcopy-esm": ["deepcopy-esm@2.1.1", "", {}, "sha512-0lopQd/gi3excE3sgBrjuR3gJv6ZElk027i30pUgdjtvSJl/OoZ8B6L42GUBm6C3G8hD1EB5ir2gTYnINzWx4g=="],

    "default-browser": ["default-browser@5.5.0", "", { "dependencies": { "bundle-name": "^4.1.0", "default-browser-id": "^5.0.0" } }, "sha512-H9LMLr5zwIbSxrmvikGuI/5KGhZ8E2zH3stkMgM5LpOWDutGM2JZaj460Udnf1a+946zc7YBgrqEWwbk7zHvGw=="],

    "default-browser-id": ["default-browser-id@5.0.1", "", {}, "sha512-x1VCxdX4t+8wVfd1so/9w+vQ4vx7lKd2Qp5tDRutErwmR85OgmfX7RlLRMWafRMY7hbEiXIbudNrjOAPa/hL8Q=="],

    "define-lazy-prop": ["define-lazy-prop@3.0.0", "", {}, "sha512-N+MeXYoqr3pOgn8xfyRPREN7gHakLYjhsHhWGT3fWAiL4IkAt0iDw14QiiEm2bE30c5XX5q0FtAA3CK5f9/BUg=="],

    "diff": ["diff@8.0.4", "", {}, "sha512-DPi0FmjiSU5EvQV0++GFDOJ9ASQUVFh5kD+OzOnYdi7n3Wpm9hWWGfB/O2blfHcMVTL5WkQXSnRiK9makhrcnw=="],

    "ecdsa-sig-formatter": ["ecdsa-sig-formatter@1.0.11", "", { "dependencies": { "safe-buffer": "^5.0.1" } }, "sha512-nagl3RYrbNv6kQkeJIpt6NJZy8twLB/2vtz6yN9Z4vRKHN4/QZJIEbqohALSgwKdnksuY3k5Addp5lg8sVoVcQ=="],

    "escape-string-regexp": ["escape-string-regexp@4.0.0", "", {}, "sha512-TtpcNJ3XAzx3Gq8sWRzJaVajRs0uVxA2YAkdb1jm2YkPz4G6egUFAyA3n5vtEIZefPk5Wa4UXbKuS5fKkJWdgA=="],

    "eslint": ["eslint@10.3.0", "", { "dependencies": { "@eslint-community/eslint-utils": "^4.8.0", "@eslint-community/regexpp": "^4.12.2", "@eslint/config-array": "^0.23.5", "@eslint/config-helpers": "^0.5.5", "@eslint/core": "^1.2.1", "@eslint/plugin-kit": "^0.7.1", "@humanfs/node": "^0.16.6", "@humanwhocodes/module-importer": "^1.0.1", "@humanwhocodes/retry": "^0.4.2", "@types/estree": "^1.0.6", "ajv": "^6.14.0", "cross-spawn": "^7.0.6", "debug": "^4.3.2", "escape-string-regexp": "^4.0.0", "eslint-scope": "^9.1.2", "eslint-visitor-keys": "^5.0.1", "espree": "^11.2.0", "esquery": "^1.7.0", "esutils": "^2.0.2", "fast-deep-equal": "^3.1.3", "file-entry-cache": "^8.0.0", "find-up": "^5.0.0", "glob-parent": "^6.0.2", "ignore": "^5.2.0", "imurmurhash": "^0.1.4", "is-glob": "^4.0.0", "json-stable-stringify-without-jsonify": "^1.0.1", "minimatch": "^10.2.4", "natural-compare": "^1.4.0", "optionator": "^0.9.3" }, "peerDependencies": { "jiti": "*" }, "optionalPeers": ["jiti"], "bin": { "eslint": "bin/eslint.js" } }, "sha512-XbEXaRva5cF0ZQB8w6MluHA0kZZfV2DuCMJ3ozyEOHLwDpZX2Lmm/7Pp0xdJmI0GL1W05VH5VwIFHEm1Vcw2gw=="],

    "eslint-config-prettier": ["eslint-config-prettier@10.1.8", "", { "peerDependencies": { "eslint": ">=7.0.0" }, "bin": { "eslint-config-prettier": "bin/cli.js" } }, "sha512-82GZUjRS0p/jganf6q1rEO25VSoHH0hKPCTrgillPjdI/3bgBhAE1QzHrHTizjpRvy6pGAvKjDJtk2pF9NDq8w=="],

    "eslint-plugin-license-header": ["eslint-plugin-license-header@0.9.0", "", { "dependencies": { "requireindex": "^1.2.0" }, "peerDependencies": { "eslint": "^9 || ^10" } }, "sha512-Qd7cCljVC0h+uJjcIuYjpRFrdzwqBBDCi5U0ocr6Bt/5t3zuBkZSa1Igc4lBLEVBDoUUqIcok/UUNAAu6CtwmQ=="],

    "eslint-scope": ["eslint-scope@9.1.2", "", { "dependencies": { "@types/esrecurse": "^4.3.1", "@types/estree": "^1.0.8", "esrecurse": "^4.3.0", "estraverse": "^5.2.0" } }, "sha512-xS90H51cKw0jltxmvmHy2Iai1LIqrfbw57b79w/J7MfvDfkIkFZ+kj6zC3BjtUwh150HsSSdxXZcsuv72miDFQ=="],

    "eslint-visitor-keys": ["eslint-visitor-keys@5.0.1", "", {}, "sha512-tD40eHxA35h0PEIZNeIjkHoDR4YjjJp34biM0mDvplBe//mB+IHCqHDGV7pxF+7MklTvighcCPPZC7ynWyjdTA=="],

    "espree": ["espree@11.2.0", "", { "dependencies": { "acorn": "^8.16.0", "acorn-jsx": "^5.3.2", "eslint-visitor-keys": "^5.0.1" } }, "sha512-7p3DrVEIopW1B1avAGLuCSh1jubc01H2JHc8B4qqGblmg5gI9yumBgACjWo4JlIc04ufug4xJ3SQI8HkS/Rgzw=="],

    "esquery": ["esquery@1.7.0", "", { "dependencies": { "estraverse": "^5.1.0" } }, "sha512-Ap6G0WQwcU/LHsvLwON1fAQX9Zp0A2Y6Y/cJBl9r/JbW90Zyg4/zbG6zzKa2OTALELarYHmKu0GhpM5EO+7T0g=="],

    "esrecurse": ["esrecurse@4.3.0", "", { "dependencies": { "estraverse": "^5.2.0" } }, "sha512-KmfKL3b6G+RXvP8N1vr3Tq1kL/oCFgn2NYXEtqP8/L3pKapUA4G8cFVaoF3SU323CD4XypR/ffioHmkti6/Tag=="],

    "estraverse": ["estraverse@5.3.0", "", {}, "sha512-MMdARuVEQziNTeJD8DgMqmhwR11BRQ/cBP+pLtYdSTnf3MIO8fFeiINEbX36ZdNlfU/7A9f3gUw49B3oQsvwBA=="],

    "esutils": ["esutils@2.0.3", "", {}, "sha512-kVscqXk4OCp68SZ0dkgEKVi6/8ij300KBWTJq32P/dYeWTSwK41WyTxalN1eRmA5Z9UU/LX9D7FWSmV9SAYx6g=="],

    "eventsource-parser": ["eventsource-parser@3.0.8", "", {}, "sha512-70QWGkr4snxr0OXLRWsFLeRBIRPuQOvt4s8QYjmUlmlkyTZkRqS7EDVRZtzU3TiyDbXSzaOeF0XUKy8PchzukQ=="],

    "expect-type": ["expect-type@1.3.0", "", {}, "sha512-knvyeauYhqjOYvQ66MznSMs83wmHrCycNEN6Ao+2AeYEfxUIkuiVxdEa1qlGEPK+We3n0THiDciYSsCcgW/DoA=="],

    "fast-deep-equal": ["fast-deep-equal@3.1.3", "", {}, "sha512-f3qQ9oQy9j2AhBe/H9VC91wLmKBCCU/gDOnKNAYG5hswO7BLKj09Hc5HYNz9cGI++xlpDCIgDaitVs03ATR84Q=="],

    "fast-json-stable-stringify": ["fast-json-stable-stringify@2.1.0", "", {}, "sha512-lhd/wF+Lk98HZoTCtlVraHtfh5XYijIjalXck7saUtuanSDyLMxnHhSXEDJqHxD7msR8D0uCmqlkwjCV8xvwHw=="],

    "fast-levenshtein": ["fast-levenshtein@2.0.6", "", {}, "sha512-DCXu6Ifhqcks7TZKY3Hxp3y6qphY5SJZmrWMDrKcERSOXWQdMhU9Ig/PYrzyw/ul9jOIyh0N4M0tbC5hodg8dw=="],

    "fdir": ["fdir@6.5.0", "", { "peerDependencies": { "picomatch": "^3 || ^4" }, "optionalPeers": ["picomatch"] }, "sha512-tIbYtZbucOs0BRGqPJkshJUYdL+SDH7dVM8gjy+ERp3WAUjLEFJE+02kanyHtwjWOnwrKYBiwAmM0p4kLJAnXg=="],

    "file-entry-cache": ["file-entry-cache@8.0.0", "", { "dependencies": { "flat-cache": "^4.0.0" } }, "sha512-XXTUwCvisa5oacNGRP9SfNtYBNAMi+RPwBFmblZEF7N7swHYQS6/Zfk7SRwx4D5j3CH211YNRco1DEMNVfZCnQ=="],

    "find-up": ["find-up@5.0.0", "", { "dependencies": { "locate-path": "^6.0.0", "path-exists": "^4.0.0" } }, "sha512-78/PXT1wlLLDgTzDs7sjq9hzz0vXD+zn+7wypEe4fXQxCmdmqfGsEPQxmiCSQI3ajFV91bVSsvNtrJRiW6nGng=="],

    "flat-cache": ["flat-cache@4.0.1", "", { "dependencies": { "flatted": "^3.2.9", "keyv": "^4.5.4" } }, "sha512-f7ccFPK3SXFHpx15UIGyRJ/FJQctuKZ0zVuN3frBo4HnK3cay9VEW0R6yPYFHC0AgqhukPzKjq22t5DmAyqGyw=="],

    "flatted": ["flatted@3.4.2", "", {}, "sha512-PjDse7RzhcPkIJwy5t7KPWQSZ9cAbzQXcafsetQoD7sOJRQlGikNbx7yZp2OotDnJyrDcbyRq3Ttb18iYOqkxA=="],

    "glob-parent": ["glob-parent@6.0.2", "", { "dependencies": { "is-glob": "^4.0.3" } }, "sha512-XxwI8EOhVQgWp6iDL+3b0r86f4d6AX6zSU55HfB4ydCEuXLXc5FcYeOu+nnGftS4TEju/11rt4KJPTMgbfmv4A=="],

    "globals": ["globals@17.6.0", "", {}, "sha512-sepffkT8stwnIYbsMBpoCHJuJM5l98FUF2AnE07hfvE0m/qp3R586hw4jF4uadbhvg1ooIdzuu7CsfD2jzCaNA=="],

    "http-proxy-agent": ["http-proxy-agent@7.0.2", "", { "dependencies": { "agent-base": "^7.1.0", "debug": "^4.3.4" } }, "sha512-T1gkAiYYDWYx3V5Bmyu7HcfcvL7mUrTWiM6yOfa3PIphViJ/gFPbvidQ+veqSOHci/PxBcDabeUNCzpOODJZig=="],

    "https-proxy-agent": ["https-proxy-agent@7.0.6", "", { "dependencies": { "agent-base": "^7.1.2", "debug": "4" } }, "sha512-vK9P5/iUfdl95AI+JVyUuIcVtd4ofvtrOr3HNtM2yxC9bnMbEdp3x01OhQNnjb8IJYi38VlTE3mBXwcfvywuSw=="],

    "ignore": ["ignore@5.3.2", "", {}, "sha512-hsBTNUqQTDwkWtcdYI2i06Y/nUBEsNEDJKjWdigLvegy8kDuJAS8uRlpkkcQpyEXL0Z/pjDy5HBmMjRCJ2gq+g=="],

    "imurmurhash": ["imurmurhash@0.1.4", "", {}, "sha512-JmXMZ6wuvDmLiHEml9ykzqO6lwFbof0GG4IkcGaENdCRDDmMVnny7s5HsIgHCbaq0w2MyPhDqkhTUgS2LU2PHA=="],

    "is-docker": ["is-docker@3.0.0", "", { "bin": { "is-docker": "cli.js" } }, "sha512-eljcgEDlEns/7AXFosB5K/2nCM4P7FQPkGc/DWLy5rmFEWvZayGrik1d9/QIY5nJ4f9YsVvBkA6kJpHn9rISdQ=="],

    "is-extglob": ["is-extglob@2.1.1", "", {}, "sha512-SbKbANkN603Vi4jEZv49LeVJMn4yGwsbzZworEoyEiutsN3nJYdbO36zfhGJ6QEDpOZIFkDtnq5JRxmvl3jsoQ=="],

    "is-glob": ["is-glob@4.0.3", "", { "dependencies": { "is-extglob": "^2.1.1" } }, "sha512-xelSayHH36ZgE7ZWhli7pW34hNbNl8Ojv5KVmkJD4hBdD3th8Tfk9vYasLM+mXWOZhFkgZfxhLSnrwRr4elSSg=="],

    "is-inside-container": ["is-inside-container@1.0.0", "", { "dependencies": { "is-docker": "^3.0.0" }, "bin": { "is-inside-container": "cli.js" } }, "sha512-KIYLCCJghfHZxqjYBE7rEy0OBuTd5xCHS7tHVgvCLkx7StIoaxwNW3hCALgEUjFfeRk+MG/Qxmp/vtETEF3tRA=="],

    "is-wsl": ["is-wsl@3.1.1", "", { "dependencies": { "is-inside-container": "^1.0.0" } }, "sha512-e6rvdUCiQCAuumZslxRJWR/Doq4VpPR82kqclvcS0efgt430SlGIk05vdCN58+VrzgtIcfNODjozVielycD4Sw=="],

    "isexe": ["isexe@2.0.0", "", {}, "sha512-RHxMLp9lnKHGHRng9QFhRCMbYAcVpn69smSGcq3f36xjgVVWThj4qqLbTLlq7Ssj8B+fIQ1EuCEGI2lKsyQeIw=="],

    "json-buffer": ["json-buffer@3.0.1", "", {}, "sha512-4bV5BfR2mqfQTJm+V5tPPdf+ZpuhiIvTuAB5g8kcrXOZpTT/QwwVRWBywX1ozr6lEuPdbHxwaJlm9G6mI2sfSQ=="],

    "json-schema": ["json-schema@0.4.0", "", {}, "sha512-es94M3nTIfsEPisRafak+HDLfHXnKBhV3vU5eqPcS3flIWqcxJWgXHXiey3YrpaNsanY5ei1VoYEbOzijuq9BA=="],

    "json-schema-traverse": ["json-schema-traverse@0.4.1", "", {}, "sha512-xbbCH5dCYU5T8LcEhhuh7HJ88HXuW3qsI3Y0zOZFKfZEHcpWiHU/Jxzk629Brsab/mMiHQti9wMP+845RPe3Vg=="],

    "json-stable-stringify-without-jsonify": ["json-stable-stringify-without-jsonify@1.0.1", "", {}, "sha512-Bdboy+l7tA3OGW6FjyFHWkP5LuByj1Tk33Ljyq0axyzdk9//JSi2u3fP1QSmd1KNwq6VOKYGlAu87CisVir6Pw=="],

    "json5": ["json5@2.2.3", "", { "bin": { "json5": "lib/cli.js" } }, "sha512-XmOWe7eyHYH14cLdVPoyg+GOH3rYX++KpzrylJwSW98t3Nk+U8XOl8FWKOgwtzdb8lXGf6zYwDUzeHMWfxasyg=="],

    "jsonwebtoken": ["jsonwebtoken@9.0.3", "", { "dependencies": { "jws": "^4.0.1", "lodash.includes": "^4.3.0", "lodash.isboolean": "^3.0.3", "lodash.isinteger": "^4.0.4", "lodash.isnumber": "^3.0.3", "lodash.isplainobject": "^4.0.6", "lodash.isstring": "^4.0.1", "lodash.once": "^4.0.0", "ms": "^2.1.1", "semver": "^7.5.4" } }, "sha512-MT/xP0CrubFRNLNKvxJ2BYfy53Zkm++5bX9dtuPbqAeQpTVe0MQTFhao8+Cp//EmJp244xt6Drw/GVEGCUj40g=="],

    "jwa": ["jwa@2.0.1", "", { "dependencies": { "buffer-equal-constant-time": "^1.0.1", "ecdsa-sig-formatter": "1.0.11", "safe-buffer": "^5.0.1" } }, "sha512-hRF04fqJIP8Abbkq5NKGN0Bbr3JxlQ+qhZufXVr0DvujKy93ZCbXZMHDL4EOtodSbCWxOqR8MS1tXA5hwqCXDg=="],

    "jws": ["jws@4.0.1", "", { "dependencies": { "jwa": "^2.0.1", "safe-buffer": "^5.0.1" } }, "sha512-EKI/M/yqPncGUUh44xz0PxSidXFr/+r0pA70+gIYhjv+et7yxM+s29Y+VGDkovRofQem0fs7Uvf4+YmAdyRduA=="],

    "keyv": ["keyv@4.5.4", "", { "dependencies": { "json-buffer": "3.0.1" } }, "sha512-oxVHkHR/EJf2CNXnWxRLW6mg7JyCCUcG0DtEGmL2ctUo1PNTin1PUil+r/+4r5MpVgC/fn1kjsx7mjSujKqIpw=="],

    "levn": ["levn@0.4.1", "", { "dependencies": { "prelude-ls": "^1.2.1", "type-check": "~0.4.0" } }, "sha512-+bT2uH4E5LGE7h/n3evcS/sQlJXCpIp6ym8OWJ5eV6+67Dsql/LaaT7qJBAt2rzfoa/5QBGBhxDix1dMt2kQKQ=="],

    "locate-path": ["locate-path@6.0.0", "", { "dependencies": { "p-locate": "^5.0.0" } }, "sha512-iPZK6eYjbxRu3uB4/WZ3EsEIMJFMqAoopl3R+zuq0UjcAm/MO6KCweDgPfP3elTztoKP3KtnVHxTn2NHBSDVUw=="],

    "lodash.includes": ["lodash.includes@4.3.0", "", {}, "sha512-W3Bx6mdkRTGtlJISOvVD/lbqjTlPPUDTMnlXZFnVwi9NKJ6tiAk6LVdlhZMm17VZisqhKcgzpO5Wz91PCt5b0w=="],

    "lodash.isboolean": ["lodash.isboolean@3.0.3", "", {}, "sha512-Bz5mupy2SVbPHURB98VAcw+aHh4vRV5IPNhILUCsOzRmsTmSQ17jIuqopAentWoehktxGd9e/hbIXq980/1QJg=="],

    "lodash.isinteger": ["lodash.isinteger@4.0.4", "", {}, "sha512-DBwtEWN2caHQ9/imiNeEA5ys1JoRtRfY3d7V9wkqtbycnAmTvRRmbHKDV4a0EYc678/dia0jrte4tjYwVBaZUA=="],

    "lodash.isnumber": ["lodash.isnumber@3.0.3", "", {}, "sha512-QYqzpfwO3/CWf3XP+Z+tkQsfaLL/EnUlXWVkIk5FUPc4sBdTehEqZONuyRt2P67PXAk+NXmTBcc97zw9t1FQrw=="],

    "lodash.isplainobject": ["lodash.isplainobject@4.0.6", "", {}, "sha512-oSXzaWypCMHkPC3NvBEaPHf0KsA5mvPrOPgQWDsbg8n7orZ290M0BmC/jgRZ4vcJ6DTAhjrsSYgdsW/F+MFOBA=="],

    "lodash.isstring": ["lodash.isstring@4.0.1", "", {}, "sha512-0wJxfxH1wgO3GrbuP+dTTk7op+6L41QCXbGINEmD+ny/G/eCqGzxyCsh7159S+mgDDcoarnBw6PC1PS5+wUGgw=="],

    "lodash.once": ["lodash.once@4.1.1", "", {}, "sha512-Sb487aTOCr9drQVL8pIxOzVhafOjZN9UU54hiN8PU3uAiSV7lx1yYNpbNmex2PK6dSJoNTSJUUswT651yww3Mg=="],

    "luxon": ["luxon@3.7.2", "", {}, "sha512-vtEhXh/gNjI9Yg1u4jX/0YVPMvxzHuGgCm6tC5kZyb08yjGWGnqAjGJvcXbqQR2P3MyMEFnRbpcdFS6PBcLqew=="],

    "minimatch": ["minimatch@10.2.5", "", { "dependencies": { "brace-expansion": "^5.0.5" } }, "sha512-MULkVLfKGYDFYejP07QOurDLLQpcjk7Fw+7jXS2R2czRQzR56yHRveU5NDJEOviH+hETZKSkIk5c+T23GjFUMg=="],

    "ms": ["ms@2.1.3", "", {}, "sha512-6FlzubTLZG3J2a/NVCAleEhjzq5oxgHyaCU9yYXvcLsvoVaHJq/s5xXI6/XXP6tz7R9xAOtHnSO/tXtF3WRTlA=="],

    "natural-compare": ["natural-compare@1.4.0", "", {}, "sha512-OWND8ei3VtNC9h7V60qff3SVobHr996CTwgxubgyQYEpg290h9J0buyECNNJexkFm5sOajh5G116RYA1c8ZMSw=="],

    "open": ["open@10.2.0", "", { "dependencies": { "default-browser": "^5.2.1", "define-lazy-prop": "^3.0.0", "is-inside-container": "^1.0.0", "wsl-utils": "^0.1.0" } }, "sha512-YgBpdJHPyQ2UE5x+hlSXcnejzAvD0b22U2OuAP+8OnlJT+PjWPxtgmGqKKc+RgTM63U9gN0YzrYc71R2WT/hTA=="],

    "optionator": ["optionator@0.9.4", "", { "dependencies": { "deep-is": "^0.1.3", "fast-levenshtein": "^2.0.6", "levn": "^0.4.1", "prelude-ls": "^1.2.1", "type-check": "^0.4.0", "word-wrap": "^1.2.5" } }, "sha512-6IpQ7mKUxRcZNLIObR0hz7lxsapSSIYNZJwXPGeF0mTVqGKFIXj1DQcMoT22S3ROcLyY/rz0PWaWZ9ayWmad9g=="],

    "p-limit": ["p-limit@3.1.0", "", { "dependencies": { "yocto-queue": "^0.1.0" } }, "sha512-TYOanM3wGwNGsZN2cVTYPArw454xnXj5qmWF1bEoAc4+cU/ol7GVh7odevjp1FNHduHc3KZMcFduxU5Xc6uJRQ=="],

    "p-locate": ["p-locate@5.0.0", "", { "dependencies": { "p-limit": "^3.0.2" } }, "sha512-LaNjtRWUBY++zB5nE/NwcaoMylSPk+S+ZHNB1TzdbMJMny6dynpAGt7X/tl/QYq3TIeE6nxHppbo2LGymrG5Pw=="],

    "path-exists": ["path-exists@4.0.0", "", {}, "sha512-ak9Qy5Q7jYb2Wwcey5Fpvg2KoAc/ZIhLSLOSBmRmygPsGwkVVt0fZa0qrtMz+m6tJTAHfZQ8FnmB4MG4LWy7/w=="],

    "path-key": ["path-key@3.1.1", "", {}, "sha512-ojmeN0qd+y0jszEtoY48r0Peq5dwMEkIlCOu6Q5f41lfkswXuKtYrhgoTpLnyIcHm24Uhqx+5Tqm2InSwLhE6Q=="],

    "picomatch": ["picomatch@4.0.4", "", {}, "sha512-QP88BAKvMam/3NxH6vj2o21R6MjxZUAd6nlwAS/pnGvN9IVLocLHxGYIzFhg6fUQ+5th6P4dv4eW9jX3DSIj7A=="],

    "prelude-ls": ["prelude-ls@1.2.1", "", {}, "sha512-vkcDPrRZo1QZLbn5RLGPpg/WmIQ65qoWWhcGKf/b5eplkkarX0m9z8ppCat4mlOqUsWpyNuYgO3VRyrYHSzX5g=="],

    "prettier": ["prettier@3.8.3", "", { "bin": { "prettier": "bin/prettier.cjs" } }, "sha512-7igPTM53cGHMW8xWuVTydi2KO233VFiTNyF5hLJqpilHfmn8C8gPf+PS7dUT64YcXFbiMGZxS9pCSxL/Dxm/Jw=="],

    "prettier-plugin-multiline-arrays": ["prettier-plugin-multiline-arrays@4.1.7", "", { "dependencies": { "@augment-vir/assert": "^31.68.4", "@augment-vir/common": "^31.68.4", "proxy-vir": "^2.0.2" }, "peerDependencies": { "prettier": ">=3.0.0 <4.0.0" } }, "sha512-wDDD9qiwvCauf2WzzfJMcaea3PVSQbMtJryvAccZhfiPUfSGWA+pznPgD9JUU0nHG7UQmBiZlsw7Sr5T68EH+Q=="],

    "proxy-vir": ["proxy-vir@2.0.2", "", { "dependencies": { "@augment-vir/assert": "^31.59.3", "@augment-vir/common": "^31.59.3" } }, "sha512-YgV6c/9aJ7RyNZDTPqLQ6SdqBocWHGUa5rU3hyEsHj2kg4/b0y0EMWp3dNNUEJQrw6BoywonNINEVyFvj97YXQ=="],

    "punycode": ["punycode@2.3.1", "", {}, "sha512-vYt7UD1U9Wg6138shLtLOvdAu+8DsC/ilFtEVHcH+wydcSpNE20AfSOduf6MkRFahL5FY7X1oU7nKVZFtfq8Fg=="],

    "requireindex": ["requireindex@1.2.0", "", {}, "sha512-L9jEkOi3ASd9PYit2cwRfyppc9NoABujTP8/5gFcbERmo5jUoAKovIC3fsF17pkTnGsrByysqX+Kxd2OTNI1ww=="],

    "run-applescript": ["run-applescript@7.1.0", "", {}, "sha512-DPe5pVFaAsinSaV6QjQ6gdiedWDcRCbUuiQfQa2wmWV7+xC9bGulGI8+TdRmoFkAPaBXk8CrAbnlY2ISniJ47Q=="],

    "safe-buffer": ["safe-buffer@5.2.1", "", {}, "sha512-rp3So07KcdmmKbGvgaNxQSJr7bGVSVk5S9Eq1F+ppbRo70+YeaDxkw5Dd8NPN+GD6bjnYm2VuPuCXmpuYvmCXQ=="],

    "semver": ["semver@7.7.4", "", { "bin": { "semver": "bin/semver.js" } }, "sha512-vFKC2IEtQnVhpT78h1Yp8wzwrf8CM+MzKMHGJZfBtzhZNycRFnXsHk6E5TxIkkMsgNS7mdX3AGB7x2QM2di4lA=="],

    "shebang-command": ["shebang-command@2.0.0", "", { "dependencies": { "shebang-regex": "^3.0.0" } }, "sha512-kHxr2zZpYtdmrN1qDjrrX/Z1rR1kG8Dx+gkpK1G4eXmvXswmcE1hTWBWYUzlraYw1/yZp6YuDY77YtvbN0dmDA=="],

    "shebang-regex": ["shebang-regex@3.0.0", "", {}, "sha512-7++dFhtcx3353uBaq8DDR4NuxBetBzC7ZQOhmTQInHEd6bSrXdiEyzCvG07Z44UYdLShWUyXt5M/yhz8ekcb1A=="],

    "tagged-tag": ["tagged-tag@1.0.0", "", {}, "sha512-yEFYrVhod+hdNyx7g5Bnkkb0G6si8HJurOoOEgC8B/O0uXLHlaey/65KRv6cuWBNhBgHKAROVpc7QyYqE5gFng=="],

    "tinyglobby": ["tinyglobby@0.2.16", "", { "dependencies": { "fdir": "^6.5.0", "picomatch": "^4.0.4" } }, "sha512-pn99VhoACYR8nFHhxqix+uvsbXineAasWm5ojXoN8xEwK5Kd3/TrhNn1wByuD52UxWRLy8pu+kRMniEi6Eq9Zg=="],

    "ts-api-utils": ["ts-api-utils@2.5.0", "", { "peerDependencies": { "typescript": ">=4.8.4" } }, "sha512-OJ/ibxhPlqrMM0UiNHJ/0CKQkoKF243/AEmplt3qpRgkW8VG7IfOS41h7V8TjITqdByHzrjcS/2si+y4lIh8NA=="],

    "tslib": ["tslib@2.8.1", "", {}, "sha512-oJFu94HQb+KVduSUQL7wnpmqnfmLsOA/nAh6b6EH0wCEoK0/mPeXU6c3wKDV83MkOuHPRHtSXKKU99IBazS/2w=="],

    "type-check": ["type-check@0.4.0", "", { "dependencies": { "prelude-ls": "^1.2.1" } }, "sha512-XleUoc9uwGXqjWwXaUTZAmzMcFZ5858QA2vvx1Ur5xIcixXIP+8LnFDgRplU30us6teqdlskFfu+ae4K79Ooew=="],

    "type-fest": ["type-fest@5.5.0", "", { "dependencies": { "tagged-tag": "^1.0.0" } }, "sha512-PlBfpQwiUvGViBNX84Yxwjsdhd1TUlXr6zjX7eoirtCPIr08NAmxwa+fcYBTeRQxHo9YC9wwF3m9i700sHma8g=="],

    "typed-event-target": ["typed-event-target@4.3.0", "", { "dependencies": { "@augment-vir/assert": "^31.67.1", "@augment-vir/common": "^31.67.1", "@augment-vir/core": "^31.67.1" } }, "sha512-21TH+1pkLuMNjwsDDXY5272CWmxgwszWd7kOoTsxgc87kcSkH9wiandsyVQbOXC2e85H8k+xKL3OEfKxt/pwxg=="],

    "typescript": ["typescript@5.9.3", "", { "bin": { "tsc": "bin/tsc", "tsserver": "bin/tsserver" } }, "sha512-jl1vZzPDinLr9eUt3J/t7V6FgNEw9QjvBPdysz9KfQDD41fQrC2Y4vKQdiaUpFT4bXlb1RHhLpp8wtm6M5TgSw=="],

    "typescript-eslint": ["typescript-eslint@8.59.1", "", { "dependencies": { "@typescript-eslint/eslint-plugin": "8.59.1", "@typescript-eslint/parser": "8.59.1", "@typescript-eslint/typescript-estree": "8.59.1", "@typescript-eslint/utils": "8.59.1" }, "peerDependencies": { "eslint": "^8.57.0 || ^9.0.0 || ^10.0.0", "typescript": ">=4.8.4 <6.1.0" } }, "sha512-xqDcFVBmlrltH64lklOVp1wYxgJr6LVdg3NamBgH2OOQDLFdTKfIZXF5PfghrnXQKXZGTQs8tr1vL7fJvq8CTQ=="],

    "undici-types": ["undici-types@7.18.2", "", {}, "sha512-AsuCzffGHJybSaRrmr5eHr81mwJU3kjw6M+uprWvCXiNeN9SOGwQ3Jn8jb8m3Z6izVgknn1R0FTCEAP2QrLY/w=="],

    "uri-js": ["uri-js@4.4.1", "", { "dependencies": { "punycode": "^2.1.0" } }, "sha512-7rKUyy33Q1yc98pQ1DAmLtwX109F7TIfWlW1Ydo8Wl1ii1SeHieeh0HHfPeL2fMXK6z0s8ecKs9frCuLJvndBg=="],

    "which": ["which@2.0.2", "", { "dependencies": { "isexe": "^2.0.0" }, "bin": { "node-which": "./bin/node-which" } }, "sha512-BLI3Tl1TW3Pvl70l3yq3Y64i+awpwXqsGBYWkkqMtnbXgrMD+yj7rhW0kuEDxzJaYXGjEW5ogapKNMEKNMjibA=="],

    "word-wrap": ["word-wrap@1.2.5", "", {}, "sha512-BN22B5eaMMI9UMtjrGd5g5eCYPpCPDUy0FJXbYsaT5zYxjFOckS53SQDE3pWkVoWpHXVb3BrYcEN4Twa55B5cA=="],

    "wsl-utils": ["wsl-utils@0.1.0", "", { "dependencies": { "is-wsl": "^3.1.0" } }, "sha512-h3Fbisa2nKGPxCpm89Hk33lBLsnaGBvctQopaBSOW/uIs6FTe1ATyAnKFJrzVs9vpGdsTe73WF3V4lIsk4Gacw=="],

    "yocto-queue": ["yocto-queue@0.1.0", "", {}, "sha512-rVksvsnNCdJ/ohGc6xgPwyN8eheCxsiLM8mxuE/t/mOVqJewPuO1miLpTHQiRgTKCLexL4MeAFVagts7HmNZ2Q=="],

    "zod": ["zod@4.3.6", "", {}, "sha512-rftlrkhHZOcjDwkGlnUtZZkvaPHCsDATp4pGpuOOMDaTdDDXF91wuVDJoWoPsKX/3YPQ5fHuF3STjcYyKr+Qhg=="],

    "@eslint-community/eslint-utils/eslint-visitor-keys": ["eslint-visitor-keys@3.4.3", "", {}, "sha512-wpc+LXeiyiisxPlEkUzU6svyS1frIO3Mgxj1fdy7Pm8Ygzguax2N3Fa/D/ag1WqbOprdI+uY6wMUl8/a2G+iag=="],

    "@typescript-eslint/eslint-plugin/ignore": ["ignore@7.0.5", "", {}, "sha512-Hs59xBNfUIunMFgWAbGX5cq6893IbWg4KnrjbYwX3tx0ztorVgTDA6B2sxf8ejHJ4wz8BqGUMYlnzNBer5NvGg=="],
  }
}
